// !$*UTF8*$!
{
	archiveVersion = 1;
	classes = {
	};
	objectVersion = 50;
	objects = {

/* Begin PBXBuildFile section */
		3AA209F0EEC756230185CD07 /* Pods_LennachTests.framework in Frameworks */ = {isa = PBXBuildFile; fileRef = 32C733A19A0E6998776EFCCD /* Pods_LennachTests.framework */; };
		4D0DF9516D1793C2EBFDEA71 /* Pods_LennachUITests.framework in Frameworks */ = {isa = PBXBuildFile; fileRef = DF4CA2192BC948D8677A4132 /* Pods_LennachUITests.framework */; };
		7EF5C86C3A26579C12E6B8EB /* Pods_Lennach.framework in Frameworks */ = {isa = PBXBuildFile; fileRef = 3F63572AB38AED6A30974BED /* Pods_Lennach.framework */; };
		FB063603227AF7170073B4A1 /* AllBoardsResponse.swift in Sources */ = {isa = PBXBuildFile; fileRef = FB063602227AF7170073B4A1 /* AllBoardsResponse.swift */; };
		FB063606227AF7770073B4A1 /* AllSubjects.swift in Sources */ = {isa = PBXBuildFile; fileRef = FB063605227AF7770073B4A1 /* AllSubjects.swift */; };
		FB063608227AFDED0073B4A1 /* AllBoards+Child.swift in Sources */ = {isa = PBXBuildFile; fileRef = FB063607227AFDED0073B4A1 /* AllBoards+Child.swift */; };
		FB06360A227B035D0073B4A1 /* PopupBoardsView+VC.swift in Sources */ = {isa = PBXBuildFile; fileRef = FB063609227B035D0073B4A1 /* PopupBoardsView+VC.swift */; };
		FB0E6FA92268B50D00954081 /* Usenet.swift in Sources */ = {isa = PBXBuildFile; fileRef = FB0E6FA82268B50D00954081 /* Usenet.swift */; };
		FB0E6FAB2268B8A800954081 /* BoardResponse.swift in Sources */ = {isa = PBXBuildFile; fileRef = FB0E6FAA2268B8A800954081 /* BoardResponse.swift */; };
		FB0E6FAD2268B93D00954081 /* Usenet+Posts+Files.swift in Sources */ = {isa = PBXBuildFile; fileRef = FB0E6FAC2268B93D00954081 /* Usenet+Posts+Files.swift */; };
		FB0E6FB02268BBF300954081 /* RemoteReposiitory.swift in Sources */ = {isa = PBXBuildFile; fileRef = FB0E6FAF2268BBF300954081 /* RemoteReposiitory.swift */; };
		FB0E6FB22268BBFC00954081 /* LocalRepository.swift in Sources */ = {isa = PBXBuildFile; fileRef = FB0E6FB12268BBFC00954081 /* LocalRepository.swift */; };
		FB143DF2228088D600CBE047 /* RippleButton.swift in Sources */ = {isa = PBXBuildFile; fileRef = FB143DF1228088D600CBE047 /* RippleButton.swift */; };
		FB1644312295676E00939D61 /* Assets.xcassets in Resources */ = {isa = PBXBuildFile; fileRef = FB1644302295676E00939D61 /* Assets.xcassets */; };
		FB2206242268CC13006F2CA8 /* RemoteMainMapper.swift in Sources */ = {isa = PBXBuildFile; fileRef = FB2206232268CC13006F2CA8 /* RemoteMainMapper.swift */; };
		FB2206262268CE01006F2CA8 /* Board.swift in Sources */ = {isa = PBXBuildFile; fileRef = FB2206252268CE01006F2CA8 /* Board.swift */; };
		FB2206292268DAD8006F2CA8 /* BoardTableViewCell.swift in Sources */ = {isa = PBXBuildFile; fileRef = FB2206282268DAD8006F2CA8 /* BoardTableViewCell.swift */; };
		FB29D7002271816E00D7D75D /* ThreadResponse.swift in Sources */ = {isa = PBXBuildFile; fileRef = FB29D6FF2271816E00D7D75D /* ThreadResponse.swift */; };
		FB29D704227181BC00D7D75D /* FilesThreadResponse.swift in Sources */ = {isa = PBXBuildFile; fileRef = FB29D703227181BC00D7D75D /* FilesThreadResponse.swift */; };
		FB29D7062271834800D7D75D /* LocalMainMapper.swift in Sources */ = {isa = PBXBuildFile; fileRef = FB29D7052271834800D7D75D /* LocalMainMapper.swift */; };
		FB33823A22847BDD0077289B /* VideoPlayerContainer.swift in Sources */ = {isa = PBXBuildFile; fileRef = FB33823922847BDD0077289B /* VideoPlayerContainer.swift */; };
		FB33823C22847BE80077289B /* VideoPlayerView.swift in Sources */ = {isa = PBXBuildFile; fileRef = FB33823B22847BE80077289B /* VideoPlayerView.swift */; };
		FB38758B227C77BD00F90813 /* App.xcdatamodeld in Sources */ = {isa = PBXBuildFile; fileRef = FB387589227C77BD00F90813 /* App.xcdatamodeld */; };
		FB3A6DF22294B945002F03C6 /* ReplyWithoutImageCell.swift in Sources */ = {isa = PBXBuildFile; fileRef = FB3A6DF12294B945002F03C6 /* ReplyWithoutImageCell.swift */; };
		FB3A6DF52294B95C002F03C6 /* ReplyWithImageCell.swift in Sources */ = {isa = PBXBuildFile; fileRef = FB3A6DF42294B95C002F03C6 /* ReplyWithImageCell.swift */; };
		FB51F4B92279C833006080F4 /* NavigationCollectionView+Cells.swift in Sources */ = {isa = PBXBuildFile; fileRef = FB51F4B82279C833006080F4 /* NavigationCollectionView+Cells.swift */; };
		FB51F4BB2279D107006080F4 /* BottomSheetBackgroundView.swift in Sources */ = {isa = PBXBuildFile; fileRef = FB51F4BA2279D107006080F4 /* BottomSheetBackgroundView.swift */; };
		FB51F4BD2279D9BE006080F4 /* NavigationContainer+UIBottomSheet.swift in Sources */ = {isa = PBXBuildFile; fileRef = FB51F4BC2279D9BE006080F4 /* NavigationContainer+UIBottomSheet.swift */; };
		FB534440226C76AB004272E5 /* Constants.swift in Sources */ = {isa = PBXBuildFile; fileRef = FB53443F226C76AB004272E5 /* Constants.swift */; };
		FB65BC7F22623F5500C30F61 /* HomeController.swift in Sources */ = {isa = PBXBuildFile; fileRef = FB65BC7E22623F5500C30F61 /* HomeController.swift */; };
		FB65BC8322623F7C00C30F61 /* FavouriteController.swift in Sources */ = {isa = PBXBuildFile; fileRef = FB65BC8222623F7C00C30F61 /* FavouriteController.swift */; };
		FB65BC872262408300C30F61 /* BoardController.swift in Sources */ = {isa = PBXBuildFile; fileRef = FB65BC862262408300C30F61 /* BoardController.swift */; };
		FB65BC892262408A00C30F61 /* ThreadController.swift in Sources */ = {isa = PBXBuildFile; fileRef = FB65BC882262408A00C30F61 /* ThreadController.swift */; };
		FB65BC94226258A200C30F61 /* PostWithoutImageCell.swift in Sources */ = {isa = PBXBuildFile; fileRef = FB65BC92226258A200C30F61 /* PostWithoutImageCell.swift */; };
		FB65BC9B22625A0700C30F61 /* Comment+Picture.swift in Sources */ = {isa = PBXBuildFile; fileRef = FB65BC9A22625A0700C30F61 /* Comment+Picture.swift */; };
		FB65BCA322625AAF00C30F61 /* MainRepository.swift in Sources */ = {isa = PBXBuildFile; fileRef = FB65BCA222625AAF00C30F61 /* MainRepository.swift */; };
		FB70EF102291F23B006F82D0 /* ThreadFavourite.swift in Sources */ = {isa = PBXBuildFile; fileRef = FB70EF0F2291F23B006F82D0 /* ThreadFavourite.swift */; };
		FB7406082267848600402315 /* BaseController.swift in Sources */ = {isa = PBXBuildFile; fileRef = FB7406072267848600402315 /* BaseController.swift */; };
		FB80B5FD2273366900B6DC18 /* PostWithImageCell.swift in Sources */ = {isa = PBXBuildFile; fileRef = FB80B5FC2273366900B6DC18 /* PostWithImageCell.swift */; };
		FB900125229426C6009BE391 /* ReplyController.swift in Sources */ = {isa = PBXBuildFile; fileRef = FB900123229426C6009BE391 /* ReplyController.swift */; };
		FB90012822945BE1009BE391 /* ObserveReplyPages.swift in Sources */ = {isa = PBXBuildFile; fileRef = FB90012722945BE1009BE391 /* ObserveReplyPages.swift */; };
		FB9D0F8222706BA70096A15C /* ImageViewerConfiguration.swift in Sources */ = {isa = PBXBuildFile; fileRef = FB9D0F8122706BA70096A15C /* ImageViewerConfiguration.swift */; };
		FB9D0F8422706DDF0096A15C /* Utilities.swift in Sources */ = {isa = PBXBuildFile; fileRef = FB9D0F8322706DDF0096A15C /* Utilities.swift */; };
		FB9D0F8622706E6F0096A15C /* AnimatableImageView.swift in Sources */ = {isa = PBXBuildFile; fileRef = FB9D0F8522706E6F0096A15C /* AnimatableImageView.swift */; };
		FB9D0F92227084FA0096A15C /* ImageViewerTransitioningHandler.swift in Sources */ = {isa = PBXBuildFile; fileRef = FB9D0F91227084FA0096A15C /* ImageViewerTransitioningHandler.swift */; };
		FB9D0F942270850D0096A15C /* ImageViewerDismissallInteractor.swift in Sources */ = {isa = PBXBuildFile; fileRef = FB9D0F932270850D0096A15C /* ImageViewerDismissallInteractor.swift */; };
		FB9D0F96227085190096A15C /* ImageViewerPresentationTransition.swift in Sources */ = {isa = PBXBuildFile; fileRef = FB9D0F95227085190096A15C /* ImageViewerPresentationTransition.swift */; };
		FB9D0F98227085270096A15C /* ImageViewerDismissalTransition.swift in Sources */ = {isa = PBXBuildFile; fileRef = FB9D0F97227085270096A15C /* ImageViewerDismissalTransition.swift */; };
		FB9D0FAA227090300096A15C /* ImageController.swift in Sources */ = {isa = PBXBuildFile; fileRef = FB9D0FA8227090300096A15C /* ImageController.swift */; };
		FB9D0FAB227090300096A15C /* ImageController.xib in Resources */ = {isa = PBXBuildFile; fileRef = FB9D0FA9227090300096A15C /* ImageController.xib */; };
		FBE15EFB226876F6005A29FB /* BottomMenuView.swift in Sources */ = {isa = PBXBuildFile; fileRef = FBE15EFA226876F6005A29FB /* BottomMenuView.swift */; };
		FBEC2799225FCCE0003B1406 /* AppDelegate.swift in Sources */ = {isa = PBXBuildFile; fileRef = FBEC2798225FCCE0003B1406 /* AppDelegate.swift */; };
		FBEC279E225FCCE0003B1406 /* Main.storyboard in Resources */ = {isa = PBXBuildFile; fileRef = FBEC279C225FCCE0003B1406 /* Main.storyboard */; };
		FBEC27A3225FCCE1003B1406 /* LaunchScreen.storyboard in Resources */ = {isa = PBXBuildFile; fileRef = FBEC27A1225FCCE1003B1406 /* LaunchScreen.storyboard */; };
		FBEC27AE225FCCE1003B1406 /* LennachTests.swift in Sources */ = {isa = PBXBuildFile; fileRef = FBEC27AD225FCCE1003B1406 /* LennachTests.swift */; };
		FBEC27B9225FCCE1003B1406 /* LennachUITests.swift in Sources */ = {isa = PBXBuildFile; fileRef = FBEC27B8225FCCE1003B1406 /* LennachUITests.swift */; };
		FBF9FDEB229A9B5D003045F7 /* FavouriteTableViewCell.swift in Sources */ = {isa = PBXBuildFile; fileRef = FBF9FDEA229A9B5D003045F7 /* FavouriteTableViewCell.swift */; };
/* End PBXBuildFile section */

/* Begin PBXContainerItemProxy section */
		FBEC27AA225FCCE1003B1406 /* PBXContainerItemProxy */ = {
			isa = PBXContainerItemProxy;
			containerPortal = FBEC278D225FCCE0003B1406 /* Project object */;
			proxyType = 1;
			remoteGlobalIDString = FBEC2794225FCCE0003B1406;
			remoteInfo = Lennach;
		};
		FBEC27B5225FCCE1003B1406 /* PBXContainerItemProxy */ = {
			isa = PBXContainerItemProxy;
			containerPortal = FBEC278D225FCCE0003B1406 /* Project object */;
			proxyType = 1;
			remoteGlobalIDString = FBEC2794225FCCE0003B1406;
			remoteInfo = Lennach;
		};
/* End PBXContainerItemProxy section */

/* Begin PBXFileReference section */
		053CEF430B29E06B9B802025 /* Pods-LennachTests.debug.xcconfig */ = {isa = PBXFileReference; includeInIndex = 1; lastKnownFileType = text.xcconfig; name = "Pods-LennachTests.debug.xcconfig"; path = "Target Support Files/Pods-LennachTests/Pods-LennachTests.debug.xcconfig"; sourceTree = "<group>"; };
		32C733A19A0E6998776EFCCD /* Pods_LennachTests.framework */ = {isa = PBXFileReference; explicitFileType = wrapper.framework; includeInIndex = 0; path = Pods_LennachTests.framework; sourceTree = BUILT_PRODUCTS_DIR; };
		3F63572AB38AED6A30974BED /* Pods_Lennach.framework */ = {isa = PBXFileReference; explicitFileType = wrapper.framework; includeInIndex = 0; path = Pods_Lennach.framework; sourceTree = BUILT_PRODUCTS_DIR; };
		5129FCF5618136AD6F67FE30 /* Pods-LennachUITests.debug.xcconfig */ = {isa = PBXFileReference; includeInIndex = 1; lastKnownFileType = text.xcconfig; name = "Pods-LennachUITests.debug.xcconfig"; path = "Target Support Files/Pods-LennachUITests/Pods-LennachUITests.debug.xcconfig"; sourceTree = "<group>"; };
		CA7672EC8D896991A4482D93 /* Pods-LennachTests.release.xcconfig */ = {isa = PBXFileReference; includeInIndex = 1; lastKnownFileType = text.xcconfig; name = "Pods-LennachTests.release.xcconfig"; path = "Target Support Files/Pods-LennachTests/Pods-LennachTests.release.xcconfig"; sourceTree = "<group>"; };
		D85FCA8A34C0DC5626ED78F9 /* Pods-LennachUITests.release.xcconfig */ = {isa = PBXFileReference; includeInIndex = 1; lastKnownFileType = text.xcconfig; name = "Pods-LennachUITests.release.xcconfig"; path = "Target Support Files/Pods-LennachUITests/Pods-LennachUITests.release.xcconfig"; sourceTree = "<group>"; };
		DF4CA2192BC948D8677A4132 /* Pods_LennachUITests.framework */ = {isa = PBXFileReference; explicitFileType = wrapper.framework; includeInIndex = 0; path = Pods_LennachUITests.framework; sourceTree = BUILT_PRODUCTS_DIR; };
		E039421C61EC5DBDC6215DC4 /* Pods-Lennach.debug.xcconfig */ = {isa = PBXFileReference; includeInIndex = 1; lastKnownFileType = text.xcconfig; name = "Pods-Lennach.debug.xcconfig"; path = "Target Support Files/Pods-Lennach/Pods-Lennach.debug.xcconfig"; sourceTree = "<group>"; };
		E113C91ADAFE958BE5E90373 /* Pods-Lennach.release.xcconfig */ = {isa = PBXFileReference; includeInIndex = 1; lastKnownFileType = text.xcconfig; name = "Pods-Lennach.release.xcconfig"; path = "Target Support Files/Pods-Lennach/Pods-Lennach.release.xcconfig"; sourceTree = "<group>"; };
		FB063602227AF7170073B4A1 /* AllBoardsResponse.swift */ = {isa = PBXFileReference; lastKnownFileType = sourcecode.swift; path = AllBoardsResponse.swift; sourceTree = "<group>"; };
		FB063605227AF7770073B4A1 /* AllSubjects.swift */ = {isa = PBXFileReference; lastKnownFileType = sourcecode.swift; path = AllSubjects.swift; sourceTree = "<group>"; };
		FB063607227AFDED0073B4A1 /* AllBoards+Child.swift */ = {isa = PBXFileReference; lastKnownFileType = sourcecode.swift; path = "AllBoards+Child.swift"; sourceTree = "<group>"; };
		FB063609227B035D0073B4A1 /* PopupBoardsView+VC.swift */ = {isa = PBXFileReference; lastKnownFileType = sourcecode.swift; path = "PopupBoardsView+VC.swift"; sourceTree = "<group>"; };
		FB0E6FA82268B50D00954081 /* Usenet.swift */ = {isa = PBXFileReference; lastKnownFileType = sourcecode.swift; path = Usenet.swift; sourceTree = "<group>"; };
		FB0E6FAA2268B8A800954081 /* BoardResponse.swift */ = {isa = PBXFileReference; lastKnownFileType = sourcecode.swift; path = BoardResponse.swift; sourceTree = "<group>"; };
		FB0E6FAC2268B93D00954081 /* Usenet+Posts+Files.swift */ = {isa = PBXFileReference; lastKnownFileType = sourcecode.swift; path = "Usenet+Posts+Files.swift"; sourceTree = "<group>"; };
		FB0E6FAF2268BBF300954081 /* RemoteReposiitory.swift */ = {isa = PBXFileReference; lastKnownFileType = sourcecode.swift; path = RemoteReposiitory.swift; sourceTree = "<group>"; };
		FB0E6FB12268BBFC00954081 /* LocalRepository.swift */ = {isa = PBXFileReference; lastKnownFileType = sourcecode.swift; path = LocalRepository.swift; sourceTree = "<group>"; };
		FB143DF1228088D600CBE047 /* RippleButton.swift */ = {isa = PBXFileReference; lastKnownFileType = sourcecode.swift; path = RippleButton.swift; sourceTree = "<group>"; };
		FB1644302295676E00939D61 /* Assets.xcassets */ = {isa = PBXFileReference; lastKnownFileType = folder.assetcatalog; path = Assets.xcassets; sourceTree = "<group>"; };
		FB2206232268CC13006F2CA8 /* RemoteMainMapper.swift */ = {isa = PBXFileReference; lastKnownFileType = sourcecode.swift; path = RemoteMainMapper.swift; sourceTree = "<group>"; };
		FB2206252268CE01006F2CA8 /* Board.swift */ = {isa = PBXFileReference; lastKnownFileType = sourcecode.swift; path = Board.swift; sourceTree = "<group>"; };
		FB2206282268DAD8006F2CA8 /* BoardTableViewCell.swift */ = {isa = PBXFileReference; lastKnownFileType = sourcecode.swift; path = BoardTableViewCell.swift; sourceTree = "<group>"; };
		FB29D6FF2271816E00D7D75D /* ThreadResponse.swift */ = {isa = PBXFileReference; lastKnownFileType = sourcecode.swift; path = ThreadResponse.swift; sourceTree = "<group>"; };
		FB29D703227181BC00D7D75D /* FilesThreadResponse.swift */ = {isa = PBXFileReference; lastKnownFileType = sourcecode.swift; path = FilesThreadResponse.swift; sourceTree = "<group>"; };
		FB29D7052271834800D7D75D /* LocalMainMapper.swift */ = {isa = PBXFileReference; lastKnownFileType = sourcecode.swift; path = LocalMainMapper.swift; sourceTree = "<group>"; };
		FB3382362284613F0077289B /* Lennach-Bridging-Header.h */ = {isa = PBXFileReference; lastKnownFileType = sourcecode.c.h; path = "Lennach-Bridging-Header.h"; sourceTree = "<group>"; };
		FB33823922847BDD0077289B /* VideoPlayerContainer.swift */ = {isa = PBXFileReference; lastKnownFileType = sourcecode.swift; path = VideoPlayerContainer.swift; sourceTree = "<group>"; };
		FB33823B22847BE80077289B /* VideoPlayerView.swift */ = {isa = PBXFileReference; lastKnownFileType = sourcecode.swift; path = VideoPlayerView.swift; sourceTree = "<group>"; };
		FB38758A227C77BD00F90813 /* App.xcdatamodel */ = {isa = PBXFileReference; lastKnownFileType = wrapper.xcdatamodel; path = App.xcdatamodel; sourceTree = "<group>"; };
		FB3A6DF12294B945002F03C6 /* ReplyWithoutImageCell.swift */ = {isa = PBXFileReference; lastKnownFileType = sourcecode.swift; path = ReplyWithoutImageCell.swift; sourceTree = "<group>"; };
		FB3A6DF42294B95C002F03C6 /* ReplyWithImageCell.swift */ = {isa = PBXFileReference; lastKnownFileType = sourcecode.swift; path = ReplyWithImageCell.swift; sourceTree = "<group>"; };
		FB51F4B82279C833006080F4 /* NavigationCollectionView+Cells.swift */ = {isa = PBXFileReference; lastKnownFileType = sourcecode.swift; path = "NavigationCollectionView+Cells.swift"; sourceTree = "<group>"; };
		FB51F4BA2279D107006080F4 /* BottomSheetBackgroundView.swift */ = {isa = PBXFileReference; lastKnownFileType = sourcecode.swift; path = BottomSheetBackgroundView.swift; sourceTree = "<group>"; };
		FB51F4BC2279D9BE006080F4 /* NavigationContainer+UIBottomSheet.swift */ = {isa = PBXFileReference; lastKnownFileType = sourcecode.swift; path = "NavigationContainer+UIBottomSheet.swift"; sourceTree = "<group>"; };
		FB53443F226C76AB004272E5 /* Constants.swift */ = {isa = PBXFileReference; lastKnownFileType = sourcecode.swift; path = Constants.swift; sourceTree = "<group>"; };
		FB65BC7E22623F5500C30F61 /* HomeController.swift */ = {isa = PBXFileReference; lastKnownFileType = sourcecode.swift; path = HomeController.swift; sourceTree = "<group>"; };
		FB65BC8222623F7C00C30F61 /* FavouriteController.swift */ = {isa = PBXFileReference; lastKnownFileType = sourcecode.swift; path = FavouriteController.swift; sourceTree = "<group>"; };
		FB65BC862262408300C30F61 /* BoardController.swift */ = {isa = PBXFileReference; lastKnownFileType = sourcecode.swift; path = BoardController.swift; sourceTree = "<group>"; };
		FB65BC882262408A00C30F61 /* ThreadController.swift */ = {isa = PBXFileReference; lastKnownFileType = sourcecode.swift; path = ThreadController.swift; sourceTree = "<group>"; };
		FB65BC92226258A200C30F61 /* PostWithoutImageCell.swift */ = {isa = PBXFileReference; lastKnownFileType = sourcecode.swift; path = PostWithoutImageCell.swift; sourceTree = "<group>"; };
		FB65BC9A22625A0700C30F61 /* Comment+Picture.swift */ = {isa = PBXFileReference; lastKnownFileType = sourcecode.swift; path = "Comment+Picture.swift"; sourceTree = "<group>"; };
		FB65BCA222625AAF00C30F61 /* MainRepository.swift */ = {isa = PBXFileReference; lastKnownFileType = sourcecode.swift; path = MainRepository.swift; sourceTree = "<group>"; };
		FB70EF0F2291F23B006F82D0 /* ThreadFavourite.swift */ = {isa = PBXFileReference; lastKnownFileType = sourcecode.swift; path = ThreadFavourite.swift; sourceTree = "<group>"; };
		FB7406072267848600402315 /* BaseController.swift */ = {isa = PBXFileReference; lastKnownFileType = sourcecode.swift; path = BaseController.swift; sourceTree = "<group>"; };
		FB80B5FC2273366900B6DC18 /* PostWithImageCell.swift */ = {isa = PBXFileReference; lastKnownFileType = sourcecode.swift; path = PostWithImageCell.swift; sourceTree = "<group>"; };
		FB900123229426C6009BE391 /* ReplyController.swift */ = {isa = PBXFileReference; lastKnownFileType = sourcecode.swift; path = ReplyController.swift; sourceTree = "<group>"; };
		FB90012722945BE1009BE391 /* ObserveReplyPages.swift */ = {isa = PBXFileReference; lastKnownFileType = sourcecode.swift; path = ObserveReplyPages.swift; sourceTree = "<group>"; };
		FB9D0F8122706BA70096A15C /* ImageViewerConfiguration.swift */ = {isa = PBXFileReference; lastKnownFileType = sourcecode.swift; path = ImageViewerConfiguration.swift; sourceTree = "<group>"; };
		FB9D0F8322706DDF0096A15C /* Utilities.swift */ = {isa = PBXFileReference; lastKnownFileType = sourcecode.swift; path = Utilities.swift; sourceTree = "<group>"; };
		FB9D0F8522706E6F0096A15C /* AnimatableImageView.swift */ = {isa = PBXFileReference; lastKnownFileType = sourcecode.swift; path = AnimatableImageView.swift; sourceTree = "<group>"; };
		FB9D0F91227084FA0096A15C /* ImageViewerTransitioningHandler.swift */ = {isa = PBXFileReference; lastKnownFileType = sourcecode.swift; path = ImageViewerTransitioningHandler.swift; sourceTree = "<group>"; };
		FB9D0F932270850D0096A15C /* ImageViewerDismissallInteractor.swift */ = {isa = PBXFileReference; lastKnownFileType = sourcecode.swift; path = ImageViewerDismissallInteractor.swift; sourceTree = "<group>"; };
		FB9D0F95227085190096A15C /* ImageViewerPresentationTransition.swift */ = {isa = PBXFileReference; lastKnownFileType = sourcecode.swift; path = ImageViewerPresentationTransition.swift; sourceTree = "<group>"; };
		FB9D0F97227085270096A15C /* ImageViewerDismissalTransition.swift */ = {isa = PBXFileReference; lastKnownFileType = sourcecode.swift; path = ImageViewerDismissalTransition.swift; sourceTree = "<group>"; };
		FB9D0FA8227090300096A15C /* ImageController.swift */ = {isa = PBXFileReference; lastKnownFileType = sourcecode.swift; path = ImageController.swift; sourceTree = "<group>"; };
		FB9D0FA9227090300096A15C /* ImageController.xib */ = {isa = PBXFileReference; lastKnownFileType = file.xib; path = ImageController.xib; sourceTree = "<group>"; };
		FBE15EFA226876F6005A29FB /* BottomMenuView.swift */ = {isa = PBXFileReference; lastKnownFileType = sourcecode.swift; path = BottomMenuView.swift; sourceTree = "<group>"; };
		FBEC2795225FCCE0003B1406 /* Lennach.app */ = {isa = PBXFileReference; explicitFileType = wrapper.application; includeInIndex = 0; path = Lennach.app; sourceTree = BUILT_PRODUCTS_DIR; };
		FBEC2798225FCCE0003B1406 /* AppDelegate.swift */ = {isa = PBXFileReference; lastKnownFileType = sourcecode.swift; path = AppDelegate.swift; sourceTree = "<group>"; };
		FBEC279D225FCCE0003B1406 /* Base */ = {isa = PBXFileReference; lastKnownFileType = file.storyboard; name = Base; path = Base.lproj/Main.storyboard; sourceTree = "<group>"; };
		FBEC27A2225FCCE1003B1406 /* Base */ = {isa = PBXFileReference; lastKnownFileType = file.storyboard; name = Base; path = Base.lproj/LaunchScreen.storyboard; sourceTree = "<group>"; };
		FBEC27A4225FCCE1003B1406 /* Info.plist */ = {isa = PBXFileReference; lastKnownFileType = text.plist.xml; path = Info.plist; sourceTree = "<group>"; };
		FBEC27A9225FCCE1003B1406 /* LennachTests.xctest */ = {isa = PBXFileReference; explicitFileType = wrapper.cfbundle; includeInIndex = 0; path = LennachTests.xctest; sourceTree = BUILT_PRODUCTS_DIR; };
		FBEC27AD225FCCE1003B1406 /* LennachTests.swift */ = {isa = PBXFileReference; lastKnownFileType = sourcecode.swift; path = LennachTests.swift; sourceTree = "<group>"; };
		FBEC27AF225FCCE1003B1406 /* Info.plist */ = {isa = PBXFileReference; lastKnownFileType = text.plist.xml; path = Info.plist; sourceTree = "<group>"; };
		FBEC27B4225FCCE1003B1406 /* LennachUITests.xctest */ = {isa = PBXFileReference; explicitFileType = wrapper.cfbundle; includeInIndex = 0; path = LennachUITests.xctest; sourceTree = BUILT_PRODUCTS_DIR; };
		FBEC27B8225FCCE1003B1406 /* LennachUITests.swift */ = {isa = PBXFileReference; lastKnownFileType = sourcecode.swift; path = LennachUITests.swift; sourceTree = "<group>"; };
		FBEC27BA225FCCE1003B1406 /* Info.plist */ = {isa = PBXFileReference; lastKnownFileType = text.plist.xml; path = Info.plist; sourceTree = "<group>"; };
		FBF9FDEA229A9B5D003045F7 /* FavouriteTableViewCell.swift */ = {isa = PBXFileReference; lastKnownFileType = sourcecode.swift; path = FavouriteTableViewCell.swift; sourceTree = "<group>"; };
/* End PBXFileReference section */

/* Begin PBXFrameworksBuildPhase section */
		FBEC2792225FCCE0003B1406 /* Frameworks */ = {
			isa = PBXFrameworksBuildPhase;
			buildActionMask = 2147483647;
			files = (
				7EF5C86C3A26579C12E6B8EB /* Pods_Lennach.framework in Frameworks */,
			);
			runOnlyForDeploymentPostprocessing = 0;
		};
		FBEC27A6225FCCE1003B1406 /* Frameworks */ = {
			isa = PBXFrameworksBuildPhase;
			buildActionMask = 2147483647;
			files = (
				3AA209F0EEC756230185CD07 /* Pods_LennachTests.framework in Frameworks */,
			);
			runOnlyForDeploymentPostprocessing = 0;
		};
		FBEC27B1225FCCE1003B1406 /* Frameworks */ = {
			isa = PBXFrameworksBuildPhase;
			buildActionMask = 2147483647;
			files = (
				4D0DF9516D1793C2EBFDEA71 /* Pods_LennachUITests.framework in Frameworks */,
			);
			runOnlyForDeploymentPostprocessing = 0;
		};
/* End PBXFrameworksBuildPhase section */

/* Begin PBXGroup section */
		AB15EFAC9D42DE2ABADB9FD7 /* Frameworks */ = {
			isa = PBXGroup;
			children = (
				3F63572AB38AED6A30974BED /* Pods_Lennach.framework */,
				32C733A19A0E6998776EFCCD /* Pods_LennachTests.framework */,
				DF4CA2192BC948D8677A4132 /* Pods_LennachUITests.framework */,
			);
			name = Frameworks;
			sourceTree = "<group>";
		};
		FB063604227AF7520073B4A1 /* AllBoardsResponse */ = {
			isa = PBXGroup;
			children = (
				FB063605227AF7770073B4A1 /* AllSubjects.swift */,
			);
			path = AllBoardsResponse;
			sourceTree = "<group>";
		};
		FB06360B227B072C0073B4A1 /* Views */ = {
			isa = PBXGroup;
			children = (
				FB51F4BA2279D107006080F4 /* BottomSheetBackgroundView.swift */,
				FB063609227B035D0073B4A1 /* PopupBoardsView+VC.swift */,
			);
			path = Views;
			sourceTree = "<group>";
		};
		FB0E6FAE2268B9D600954081 /* Helpers */ = {
			isa = PBXGroup;
			children = (
				FB063604227AF7520073B4A1 /* AllBoardsResponse */,
				FB29D702227181AE00D7D75D /* BoardResponse */,
				FB29D701227181A700D7D75D /* ThreadResponse */,
			);
			path = Helpers;
			sourceTree = "<group>";
		};
		FB0E6FB32268BC0100954081 /* Repositories */ = {
			isa = PBXGroup;
			children = (
				FB0E6FAF2268BBF300954081 /* RemoteReposiitory.swift */,
				FB0E6FB12268BBFC00954081 /* LocalRepository.swift */,
			);
			path = Repositories;
			sourceTree = "<group>";
		};
		FB18630F2284441700899163 /* VideoPlayer */ = {
			isa = PBXGroup;
			children = (
				FB3382362284613F0077289B /* Lennach-Bridging-Header.h */,
				FB33823922847BDD0077289B /* VideoPlayerContainer.swift */,
				FB33823B22847BE80077289B /* VideoPlayerView.swift */,
			);
			path = VideoPlayer;
			sourceTree = "<group>";
		};
		FB2206272268DAB0006F2CA8 /* Cell code */ = {
			isa = PBXGroup;
			children = (
				FB3A6DF32294B94F002F03C6 /* ReplyCells */,
				FB3FD3E6227317C700AF87E1 /* PostCells */,
				FB2206282268DAD8006F2CA8 /* BoardTableViewCell.swift */,
				FBF9FDEA229A9B5D003045F7 /* FavouriteTableViewCell.swift */,
			);
			path = "Cell code";
			sourceTree = "<group>";
		};
		FB29D701227181A700D7D75D /* ThreadResponse */ = {
			isa = PBXGroup;
			children = (
				FB29D703227181BC00D7D75D /* FilesThreadResponse.swift */,
			);
			path = ThreadResponse;
			sourceTree = "<group>";
		};
		FB29D702227181AE00D7D75D /* BoardResponse */ = {
			isa = PBXGroup;
			children = (
				FB0E6FAC2268B93D00954081 /* Usenet+Posts+Files.swift */,
			);
			path = BoardResponse;
			sourceTree = "<group>";
		};
		FB3A6DF32294B94F002F03C6 /* ReplyCells */ = {
			isa = PBXGroup;
			children = (
				FB3A6DF12294B945002F03C6 /* ReplyWithoutImageCell.swift */,
				FB3A6DF42294B95C002F03C6 /* ReplyWithImageCell.swift */,
			);
			path = ReplyCells;
			sourceTree = "<group>";
		};
		FB3F600E226DD72700131764 /* Animation */ = {
			isa = PBXGroup;
			children = (
				FB9D0FA5227085750096A15C /* Transition */,
				FB9D0F8522706E6F0096A15C /* AnimatableImageView.swift */,
			);
			path = Animation;
			sourceTree = "<group>";
		};
		FB3FD3E6227317C700AF87E1 /* PostCells */ = {
			isa = PBXGroup;
			children = (
				FB65BC92226258A200C30F61 /* PostWithoutImageCell.swift */,
				FB80B5FC2273366900B6DC18 /* PostWithImageCell.swift */,
			);
			path = PostCells;
			sourceTree = "<group>";
		};
		FB53443E226C7696004272E5 /* Utils */ = {
			isa = PBXGroup;
			children = (
				FB9D0F8322706DDF0096A15C /* Utilities.swift */,
				FB3F600E226DD72700131764 /* Animation */,
				FB53443F226C76AB004272E5 /* Constants.swift */,
			);
			path = Utils;
			sourceTree = "<group>";
		};
		FB65BC7A2262223B00C30F61 /* App */ = {
			isa = PBXGroup;
			children = (
				FBEC2798225FCCE0003B1406 /* AppDelegate.swift */,
				FB65BCA022625A6E00C30F61 /* Data */,
				FB65BCA122625A7200C30F61 /* Domain */,
				FB65BC96226259CD00C30F61 /* Model */,
				FB740603226752E800402315 /* Presentation */,
				FB53443E226C7696004272E5 /* Utils */,
				FB65BC8A2262545800C30F61 /* Views */,
			);
			path = App;
			sourceTree = "<group>";
		};
		FB65BC8A2262545800C30F61 /* Views */ = {
			isa = PBXGroup;
			children = (
				FB2206272268DAB0006F2CA8 /* Cell code */,
				FBE15EF9226876BB005A29FB /* Custom */,
			);
			path = Views;
			sourceTree = "<group>";
		};
		FB65BC96226259CD00C30F61 /* Model */ = {
			isa = PBXGroup;
			children = (
				FB65BC99226259F900C30F61 /* Database-CoreData */,
				FB65BC98226259E900C30F61 /* Models */,
				FB65BC97226259D400C30F61 /* Network */,
			);
			path = Model;
			sourceTree = "<group>";
		};
		FB65BC97226259D400C30F61 /* Network */ = {
			isa = PBXGroup;
			children = (
				FB0E6FAE2268B9D600954081 /* Helpers */,
				FB0E6FAA2268B8A800954081 /* BoardResponse.swift */,
				FB29D6FF2271816E00D7D75D /* ThreadResponse.swift */,
				FB063602227AF7170073B4A1 /* AllBoardsResponse.swift */,
			);
			path = Network;
			sourceTree = "<group>";
		};
		FB65BC98226259E900C30F61 /* Models */ = {
			isa = PBXGroup;
			children = (
				FB70EF0E2291F211006F82D0 /* Data from database */,
				FB8165392271EF000017B97B /* Posts */,
				FB0E6FA82268B50D00954081 /* Usenet.swift */,
				FB2206252268CE01006F2CA8 /* Board.swift */,
			);
			path = Models;
			sourceTree = "<group>";
		};
		FB65BC99226259F900C30F61 /* Database-CoreData */ = {
			isa = PBXGroup;
			children = (
				FB387589227C77BD00F90813 /* App.xcdatamodeld */,
			);
			path = "Database-CoreData";
			sourceTree = "<group>";
		};
		FB65BCA022625A6E00C30F61 /* Data */ = {
			isa = PBXGroup;
			children = (
				FB0E6FB32268BC0100954081 /* Repositories */,
				FB65BCA222625AAF00C30F61 /* MainRepository.swift */,
			);
			path = Data;
			sourceTree = "<group>";
		};
		FB65BCA122625A7200C30F61 /* Domain */ = {
			isa = PBXGroup;
			children = (
				FB2206232268CC13006F2CA8 /* RemoteMainMapper.swift */,
				FB29D7052271834800D7D75D /* LocalMainMapper.swift */,
			);
			path = Domain;
			sourceTree = "<group>";
		};
		FB70EF0E2291F211006F82D0 /* Data from database */ = {
			isa = PBXGroup;
			children = (
				FB063607227AFDED0073B4A1 /* AllBoards+Child.swift */,
				FB70EF0F2291F23B006F82D0 /* ThreadFavourite.swift */,
			);
			path = "Data from database";
			sourceTree = "<group>";
		};
		FB70EF112291F716006F82D0 /* Favourite */ = {
			isa = PBXGroup;
			children = (
				FB65BC8222623F7C00C30F61 /* FavouriteController.swift */,
			);
			path = Favourite;
			sourceTree = "<group>";
		};
		FB740603226752E800402315 /* Presentation */ = {
			isa = PBXGroup;
			children = (
				FB90012022942613009BE391 /* WatchingReplies */,
				FB70EF112291F716006F82D0 /* Favourite */,
				FB18630F2284441700899163 /* VideoPlayer */,
				FBEE746222783A24007DF632 /* Navigation */,
				FB9D0F7E22706B440096A15C /* ImageGallery */,
				FB7406062267847400402315 /* Base */,
				FB740604226752F300402315 /* Home */,
			);
			path = Presentation;
			sourceTree = "<group>";
		};
		FB740604226752F300402315 /* Home */ = {
			isa = PBXGroup;
			children = (
				FB7406052267530D00402315 /* Childs */,
				FB65BC7E22623F5500C30F61 /* HomeController.swift */,
			);
			path = Home;
			sourceTree = "<group>";
		};
		FB7406052267530D00402315 /* Childs */ = {
			isa = PBXGroup;
			children = (
				FB65BC882262408A00C30F61 /* ThreadController.swift */,
				FB65BC862262408300C30F61 /* BoardController.swift */,
			);
			path = Childs;
			sourceTree = "<group>";
		};
		FB7406062267847400402315 /* Base */ = {
			isa = PBXGroup;
			children = (
				FB7406072267848600402315 /* BaseController.swift */,
			);
			path = Base;
			sourceTree = "<group>";
		};
		FB8165392271EF000017B97B /* Posts */ = {
			isa = PBXGroup;
			children = (
				FB65BC9A22625A0700C30F61 /* Comment+Picture.swift */,
			);
			path = Posts;
			sourceTree = "<group>";
		};
		FB90012022942613009BE391 /* WatchingReplies */ = {
			isa = PBXGroup;
			children = (
				FB900123229426C6009BE391 /* ReplyController.swift */,
				FB90012722945BE1009BE391 /* ObserveReplyPages.swift */,
			);
			path = WatchingReplies;
			sourceTree = "<group>";
		};
		FB9D0F7E22706B440096A15C /* ImageGallery */ = {
			isa = PBXGroup;
			children = (
				FB9D0FA8227090300096A15C /* ImageController.swift */,
				FB9D0FA9227090300096A15C /* ImageController.xib */,
				FB9D0F8122706BA70096A15C /* ImageViewerConfiguration.swift */,
			);
			path = ImageGallery;
			sourceTree = "<group>";
		};
		FB9D0FA5227085750096A15C /* Transition */ = {
			isa = PBXGroup;
			children = (
				FB9D0F91227084FA0096A15C /* ImageViewerTransitioningHandler.swift */,
				FB9D0F932270850D0096A15C /* ImageViewerDismissallInteractor.swift */,
				FB9D0F95227085190096A15C /* ImageViewerPresentationTransition.swift */,
				FB9D0F97227085270096A15C /* ImageViewerDismissalTransition.swift */,
			);
			path = Transition;
			sourceTree = "<group>";
		};
		FBE15EF9226876BB005A29FB /* Custom */ = {
			isa = PBXGroup;
			children = (
				FBE15EFA226876F6005A29FB /* BottomMenuView.swift */,
				FB143DF1228088D600CBE047 /* RippleButton.swift */,
			);
			path = Custom;
			sourceTree = "<group>";
		};
		FBEC278C225FCCE0003B1406 = {
			isa = PBXGroup;
			children = (
				FBEC2797225FCCE0003B1406 /* Lennach */,
				FBEC27AC225FCCE1003B1406 /* LennachTests */,
				FBEC27B7225FCCE1003B1406 /* LennachUITests */,
				FBEC2796225FCCE0003B1406 /* Products */,
				FE7A45E57B8B5B89B7E4380C /* Pods */,
				AB15EFAC9D42DE2ABADB9FD7 /* Frameworks */,
			);
			sourceTree = "<group>";
		};
		FBEC2796225FCCE0003B1406 /* Products */ = {
			isa = PBXGroup;
			children = (
				FBEC2795225FCCE0003B1406 /* Lennach.app */,
				FBEC27A9225FCCE1003B1406 /* LennachTests.xctest */,
				FBEC27B4225FCCE1003B1406 /* LennachUITests.xctest */,
			);
			name = Products;
			sourceTree = "<group>";
		};
		FBEC2797225FCCE0003B1406 /* Lennach */ = {
			isa = PBXGroup;
			children = (
				FB65BC7A2262223B00C30F61 /* App */,
				FBEC27A4225FCCE1003B1406 /* Info.plist */,
				FBEC27A1225FCCE1003B1406 /* LaunchScreen.storyboard */,
				FB1644302295676E00939D61 /* Assets.xcassets */,
				FBEC279C225FCCE0003B1406 /* Main.storyboard */,
			);
			path = Lennach;
			sourceTree = "<group>";
		};
		FBEC27AC225FCCE1003B1406 /* LennachTests */ = {
			isa = PBXGroup;
			children = (
				FBEC27AD225FCCE1003B1406 /* LennachTests.swift */,
				FBEC27AF225FCCE1003B1406 /* Info.plist */,
			);
			path = LennachTests;
			sourceTree = "<group>";
		};
		FBEC27B7225FCCE1003B1406 /* LennachUITests */ = {
			isa = PBXGroup;
			children = (
				FBEC27B8225FCCE1003B1406 /* LennachUITests.swift */,
				FBEC27BA225FCCE1003B1406 /* Info.plist */,
			);
			path = LennachUITests;
			sourceTree = "<group>";
		};
		FBEE746222783A24007DF632 /* Navigation */ = {
			isa = PBXGroup;
			children = (
				FB06360B227B072C0073B4A1 /* Views */,
				FB51F4B82279C833006080F4 /* NavigationCollectionView+Cells.swift */,
				FB51F4BC2279D9BE006080F4 /* NavigationContainer+UIBottomSheet.swift */,
			);
			path = Navigation;
			sourceTree = "<group>";
		};
		FE7A45E57B8B5B89B7E4380C /* Pods */ = {
			isa = PBXGroup;
			children = (
				E039421C61EC5DBDC6215DC4 /* Pods-Lennach.debug.xcconfig */,
				E113C91ADAFE958BE5E90373 /* Pods-Lennach.release.xcconfig */,
				053CEF430B29E06B9B802025 /* Pods-LennachTests.debug.xcconfig */,
				CA7672EC8D896991A4482D93 /* Pods-LennachTests.release.xcconfig */,
				5129FCF5618136AD6F67FE30 /* Pods-LennachUITests.debug.xcconfig */,
				D85FCA8A34C0DC5626ED78F9 /* Pods-LennachUITests.release.xcconfig */,
			);
			path = Pods;
			sourceTree = "<group>";
		};
/* End PBXGroup section */

/* Begin PBXNativeTarget section */
		FBEC2794225FCCE0003B1406 /* Lennach */ = {
			isa = PBXNativeTarget;
			buildConfigurationList = FBEC27BD225FCCE1003B1406 /* Build configuration list for PBXNativeTarget "Lennach" */;
			buildPhases = (
				CB760031F2CE00471B92E2FB /* [CP] Check Pods Manifest.lock */,
				FBEC2791225FCCE0003B1406 /* Sources */,
				FBEC2792225FCCE0003B1406 /* Frameworks */,
				FBEC2793225FCCE0003B1406 /* Resources */,
				42CC80B7BDBCE6150B5A220F /* [CP] Embed Pods Frameworks */,
			);
			buildRules = (
			);
			dependencies = (
			);
			name = Lennach;
			productName = Lennach;
			productReference = FBEC2795225FCCE0003B1406 /* Lennach.app */;
			productType = "com.apple.product-type.application";
		};
		FBEC27A8225FCCE1003B1406 /* LennachTests */ = {
			isa = PBXNativeTarget;
			buildConfigurationList = FBEC27C0225FCCE1003B1406 /* Build configuration list for PBXNativeTarget "LennachTests" */;
			buildPhases = (
				E3B670729DDD604ABB148030 /* [CP] Check Pods Manifest.lock */,
				FBEC27A5225FCCE1003B1406 /* Sources */,
				FBEC27A6225FCCE1003B1406 /* Frameworks */,
				FBEC27A7225FCCE1003B1406 /* Resources */,
			);
			buildRules = (
			);
			dependencies = (
				FBEC27AB225FCCE1003B1406 /* PBXTargetDependency */,
			);
			name = LennachTests;
			productName = LennachTests;
			productReference = FBEC27A9225FCCE1003B1406 /* LennachTests.xctest */;
			productType = "com.apple.product-type.bundle.unit-test";
		};
		FBEC27B3225FCCE1003B1406 /* LennachUITests */ = {
			isa = PBXNativeTarget;
			buildConfigurationList = FBEC27C3225FCCE1003B1406 /* Build configuration list for PBXNativeTarget "LennachUITests" */;
			buildPhases = (
				A83133A87CCE4587997F5B6C /* [CP] Check Pods Manifest.lock */,
				FBEC27B0225FCCE1003B1406 /* Sources */,
				FBEC27B1225FCCE1003B1406 /* Frameworks */,
				FBEC27B2225FCCE1003B1406 /* Resources */,
			);
			buildRules = (
			);
			dependencies = (
				FBEC27B6225FCCE1003B1406 /* PBXTargetDependency */,
			);
			name = LennachUITests;
			productName = LennachUITests;
			productReference = FBEC27B4225FCCE1003B1406 /* LennachUITests.xctest */;
			productType = "com.apple.product-type.bundle.ui-testing";
		};
/* End PBXNativeTarget section */

/* Begin PBXProject section */
		FBEC278D225FCCE0003B1406 /* Project object */ = {
			isa = PBXProject;
			attributes = {
				LastSwiftUpdateCheck = 1020;
				LastUpgradeCheck = 1020;
				ORGANIZATIONNAME = CaramelHeaven;
				TargetAttributes = {
					FBEC2794225FCCE0003B1406 = {
						CreatedOnToolsVersion = 10.2;
						LastSwiftMigration = 1020;
					};
					FBEC27A8225FCCE1003B1406 = {
						CreatedOnToolsVersion = 10.2;
						TestTargetID = FBEC2794225FCCE0003B1406;
					};
					FBEC27B3225FCCE1003B1406 = {
						CreatedOnToolsVersion = 10.2;
						TestTargetID = FBEC2794225FCCE0003B1406;
					};
				};
			};
			buildConfigurationList = FBEC2790225FCCE0003B1406 /* Build configuration list for PBXProject "Lennach" */;
			compatibilityVersion = "Xcode 9.3";
			developmentRegion = en;
			hasScannedForEncodings = 0;
			knownRegions = (
				en,
				Base,
			);
			mainGroup = FBEC278C225FCCE0003B1406;
			productRefGroup = FBEC2796225FCCE0003B1406 /* Products */;
			projectDirPath = "";
			projectRoot = "";
			targets = (
				FBEC2794225FCCE0003B1406 /* Lennach */,
				FBEC27A8225FCCE1003B1406 /* LennachTests */,
				FBEC27B3225FCCE1003B1406 /* LennachUITests */,
			);
		};
/* End PBXProject section */

/* Begin PBXResourcesBuildPhase section */
		FBEC2793225FCCE0003B1406 /* Resources */ = {
			isa = PBXResourcesBuildPhase;
			buildActionMask = 2147483647;
			files = (
				FBEC27A3225FCCE1003B1406 /* LaunchScreen.storyboard in Resources */,
				FB9D0FAB227090300096A15C /* ImageController.xib in Resources */,
				FB1644312295676E00939D61 /* Assets.xcassets in Resources */,
				FBEC279E225FCCE0003B1406 /* Main.storyboard in Resources */,
			);
			runOnlyForDeploymentPostprocessing = 0;
		};
		FBEC27A7225FCCE1003B1406 /* Resources */ = {
			isa = PBXResourcesBuildPhase;
			buildActionMask = 2147483647;
			files = (
			);
			runOnlyForDeploymentPostprocessing = 0;
		};
		FBEC27B2225FCCE1003B1406 /* Resources */ = {
			isa = PBXResourcesBuildPhase;
			buildActionMask = 2147483647;
			files = (
			);
			runOnlyForDeploymentPostprocessing = 0;
		};
/* End PBXResourcesBuildPhase section */

/* Begin PBXShellScriptBuildPhase section */
		42CC80B7BDBCE6150B5A220F /* [CP] Embed Pods Frameworks */ = {
			isa = PBXShellScriptBuildPhase;
			buildActionMask = 2147483647;
			files = (
			);
			inputFileListPaths = (
			);
			inputPaths = (
				"${PODS_ROOT}/Target Support Files/Pods-Lennach/Pods-Lennach-frameworks.sh",
				"${BUILT_PRODUCTS_DIR}/Alamofire/Alamofire.framework",
				"${BUILT_PRODUCTS_DIR}/Kingfisher/Kingfisher.framework",
				"${BUILT_PRODUCTS_DIR}/OGVKit/OGVKit.framework",
				"${BUILT_PRODUCTS_DIR}/Toaster/Toaster.framework",
				"${BUILT_PRODUCTS_DIR}/libnestegg/nestegg.framework",
				"${BUILT_PRODUCTS_DIR}/libogg/ogg.framework",
				"${BUILT_PRODUCTS_DIR}/libopus/libopus.framework",
				"${BUILT_PRODUCTS_DIR}/libvorbis/vorbis.framework",
				"${PODS_ROOT}/libvpx/VPX.framework",
			);
			name = "[CP] Embed Pods Frameworks";
			outputFileListPaths = (
			);
			outputPaths = (
				"${TARGET_BUILD_DIR}/${FRAMEWORKS_FOLDER_PATH}/Alamofire.framework",
				"${TARGET_BUILD_DIR}/${FRAMEWORKS_FOLDER_PATH}/Kingfisher.framework",
				"${TARGET_BUILD_DIR}/${FRAMEWORKS_FOLDER_PATH}/OGVKit.framework",
				"${TARGET_BUILD_DIR}/${FRAMEWORKS_FOLDER_PATH}/Toaster.framework",
				"${TARGET_BUILD_DIR}/${FRAMEWORKS_FOLDER_PATH}/nestegg.framework",
				"${TARGET_BUILD_DIR}/${FRAMEWORKS_FOLDER_PATH}/ogg.framework",
				"${TARGET_BUILD_DIR}/${FRAMEWORKS_FOLDER_PATH}/libopus.framework",
				"${TARGET_BUILD_DIR}/${FRAMEWORKS_FOLDER_PATH}/vorbis.framework",
				"${TARGET_BUILD_DIR}/${FRAMEWORKS_FOLDER_PATH}/VPX.framework",
			);
			runOnlyForDeploymentPostprocessing = 0;
			shellPath = /bin/sh;
			shellScript = "\"${PODS_ROOT}/Target Support Files/Pods-Lennach/Pods-Lennach-frameworks.sh\"\n";
			showEnvVarsInLog = 0;
		};
		A83133A87CCE4587997F5B6C /* [CP] Check Pods Manifest.lock */ = {
			isa = PBXShellScriptBuildPhase;
			buildActionMask = 2147483647;
			files = (
			);
			inputFileListPaths = (
			);
			inputPaths = (
				"${PODS_PODFILE_DIR_PATH}/Podfile.lock",
				"${PODS_ROOT}/Manifest.lock",
			);
			name = "[CP] Check Pods Manifest.lock";
			outputFileListPaths = (
			);
			outputPaths = (
				"$(DERIVED_FILE_DIR)/Pods-LennachUITests-checkManifestLockResult.txt",
			);
			runOnlyForDeploymentPostprocessing = 0;
			shellPath = /bin/sh;
			shellScript = "diff \"${PODS_PODFILE_DIR_PATH}/Podfile.lock\" \"${PODS_ROOT}/Manifest.lock\" > /dev/null\nif [ $? != 0 ] ; then\n    # print error to STDERR\n    echo \"error: The sandbox is not in sync with the Podfile.lock. Run 'pod install' or update your CocoaPods installation.\" >&2\n    exit 1\nfi\n# This output is used by Xcode 'outputs' to avoid re-running this script phase.\necho \"SUCCESS\" > \"${SCRIPT_OUTPUT_FILE_0}\"\n";
			showEnvVarsInLog = 0;
		};
		CB760031F2CE00471B92E2FB /* [CP] Check Pods Manifest.lock */ = {
			isa = PBXShellScriptBuildPhase;
			buildActionMask = 2147483647;
			files = (
			);
			inputFileListPaths = (
			);
			inputPaths = (
				"${PODS_PODFILE_DIR_PATH}/Podfile.lock",
				"${PODS_ROOT}/Manifest.lock",
			);
			name = "[CP] Check Pods Manifest.lock";
			outputFileListPaths = (
			);
			outputPaths = (
				"$(DERIVED_FILE_DIR)/Pods-Lennach-checkManifestLockResult.txt",
			);
			runOnlyForDeploymentPostprocessing = 0;
			shellPath = /bin/sh;
			shellScript = "diff \"${PODS_PODFILE_DIR_PATH}/Podfile.lock\" \"${PODS_ROOT}/Manifest.lock\" > /dev/null\nif [ $? != 0 ] ; then\n    # print error to STDERR\n    echo \"error: The sandbox is not in sync with the Podfile.lock. Run 'pod install' or update your CocoaPods installation.\" >&2\n    exit 1\nfi\n# This output is used by Xcode 'outputs' to avoid re-running this script phase.\necho \"SUCCESS\" > \"${SCRIPT_OUTPUT_FILE_0}\"\n";
			showEnvVarsInLog = 0;
		};
		E3B670729DDD604ABB148030 /* [CP] Check Pods Manifest.lock */ = {
			isa = PBXShellScriptBuildPhase;
			buildActionMask = 2147483647;
			files = (
			);
			inputFileListPaths = (
			);
			inputPaths = (
				"${PODS_PODFILE_DIR_PATH}/Podfile.lock",
				"${PODS_ROOT}/Manifest.lock",
			);
			name = "[CP] Check Pods Manifest.lock";
			outputFileListPaths = (
			);
			outputPaths = (
				"$(DERIVED_FILE_DIR)/Pods-LennachTests-checkManifestLockResult.txt",
			);
			runOnlyForDeploymentPostprocessing = 0;
			shellPath = /bin/sh;
			shellScript = "diff \"${PODS_PODFILE_DIR_PATH}/Podfile.lock\" \"${PODS_ROOT}/Manifest.lock\" > /dev/null\nif [ $? != 0 ] ; then\n    # print error to STDERR\n    echo \"error: The sandbox is not in sync with the Podfile.lock. Run 'pod install' or update your CocoaPods installation.\" >&2\n    exit 1\nfi\n# This output is used by Xcode 'outputs' to avoid re-running this script phase.\necho \"SUCCESS\" > \"${SCRIPT_OUTPUT_FILE_0}\"\n";
			showEnvVarsInLog = 0;
		};
/* End PBXShellScriptBuildPhase section */

/* Begin PBXSourcesBuildPhase section */
		FBEC2791225FCCE0003B1406 /* Sources */ = {
			isa = PBXSourcesBuildPhase;
			buildActionMask = 2147483647;
			files = (
				FB9D0F96227085190096A15C /* ImageViewerPresentationTransition.swift in Sources */,
				FB534440226C76AB004272E5 /* Constants.swift in Sources */,
				FB29D7002271816E00D7D75D /* ThreadResponse.swift in Sources */,
				FB80B5FD2273366900B6DC18 /* PostWithImageCell.swift in Sources */,
				FB65BCA322625AAF00C30F61 /* MainRepository.swift in Sources */,
				FB3A6DF52294B95C002F03C6 /* ReplyWithImageCell.swift in Sources */,
				FB65BC7F22623F5500C30F61 /* HomeController.swift in Sources */,
				FB063608227AFDED0073B4A1 /* AllBoards+Child.swift in Sources */,
				FB9D0F8422706DDF0096A15C /* Utilities.swift in Sources */,
				FB9D0F942270850D0096A15C /* ImageViewerDismissallInteractor.swift in Sources */,
				FB51F4BB2279D107006080F4 /* BottomSheetBackgroundView.swift in Sources */,
				FB9D0F92227084FA0096A15C /* ImageViewerTransitioningHandler.swift in Sources */,
				FB38758B227C77BD00F90813 /* App.xcdatamodeld in Sources */,
				FB70EF102291F23B006F82D0 /* ThreadFavourite.swift in Sources */,
				FB0E6FAD2268B93D00954081 /* Usenet+Posts+Files.swift in Sources */,
				FB33823A22847BDD0077289B /* VideoPlayerContainer.swift in Sources */,
				FB9D0F8622706E6F0096A15C /* AnimatableImageView.swift in Sources */,
				FB65BC872262408300C30F61 /* BoardController.swift in Sources */,
				FB29D7062271834800D7D75D /* LocalMainMapper.swift in Sources */,
				FBE15EFB226876F6005A29FB /* BottomMenuView.swift in Sources */,
				FB33823C22847BE80077289B /* VideoPlayerView.swift in Sources */,
				FB0E6FB02268BBF300954081 /* RemoteReposiitory.swift in Sources */,
				FB9D0F8222706BA70096A15C /* ImageViewerConfiguration.swift in Sources */,
				FBF9FDEB229A9B5D003045F7 /* FavouriteTableViewCell.swift in Sources */,
				FB0E6FA92268B50D00954081 /* Usenet.swift in Sources */,
				FB65BC8322623F7C00C30F61 /* FavouriteController.swift in Sources */,
				FB7406082267848600402315 /* BaseController.swift in Sources */,
				FB29D704227181BC00D7D75D /* FilesThreadResponse.swift in Sources */,
				FB65BC892262408A00C30F61 /* ThreadController.swift in Sources */,
				FB65BC94226258A200C30F61 /* PostWithoutImageCell.swift in Sources */,
				FB2206262268CE01006F2CA8 /* Board.swift in Sources */,
				FB2206242268CC13006F2CA8 /* RemoteMainMapper.swift in Sources */,
				FBEC2799225FCCE0003B1406 /* AppDelegate.swift in Sources */,
				FB900125229426C6009BE391 /* ReplyController.swift in Sources */,
				FB65BC9B22625A0700C30F61 /* Comment+Picture.swift in Sources */,
				FB0E6FB22268BBFC00954081 /* LocalRepository.swift in Sources */,
				FB3A6DF22294B945002F03C6 /* ReplyWithoutImageCell.swift in Sources */,
				FB0E6FAB2268B8A800954081 /* BoardResponse.swift in Sources */,
				FB06360A227B035D0073B4A1 /* PopupBoardsView+VC.swift in Sources */,
				FB9D0F98227085270096A15C /* ImageViewerDismissalTransition.swift in Sources */,
				FB51F4BD2279D9BE006080F4 /* NavigationContainer+UIBottomSheet.swift in Sources */,
				FB90012822945BE1009BE391 /* ObserveReplyPages.swift in Sources */,
				FB063606227AF7770073B4A1 /* AllSubjects.swift in Sources */,
				FB9D0FAA227090300096A15C /* ImageController.swift in Sources */,
				FB2206292268DAD8006F2CA8 /* BoardTableViewCell.swift in Sources */,
				FB143DF2228088D600CBE047 /* RippleButton.swift in Sources */,
				FB063603227AF7170073B4A1 /* AllBoardsResponse.swift in Sources */,
				FB51F4B92279C833006080F4 /* NavigationCollectionView+Cells.swift in Sources */,
			);
			runOnlyForDeploymentPostprocessing = 0;
		};
		FBEC27A5225FCCE1003B1406 /* Sources */ = {
			isa = PBXSourcesBuildPhase;
			buildActionMask = 2147483647;
			files = (
				FBEC27AE225FCCE1003B1406 /* LennachTests.swift in Sources */,
			);
			runOnlyForDeploymentPostprocessing = 0;
		};
		FBEC27B0225FCCE1003B1406 /* Sources */ = {
			isa = PBXSourcesBuildPhase;
			buildActionMask = 2147483647;
			files = (
				FBEC27B9225FCCE1003B1406 /* LennachUITests.swift in Sources */,
			);
			runOnlyForDeploymentPostprocessing = 0;
		};
/* End PBXSourcesBuildPhase section */

/* Begin PBXTargetDependency section */
		FBEC27AB225FCCE1003B1406 /* PBXTargetDependency */ = {
			isa = PBXTargetDependency;
			target = FBEC2794225FCCE0003B1406 /* Lennach */;
			targetProxy = FBEC27AA225FCCE1003B1406 /* PBXContainerItemProxy */;
		};
		FBEC27B6225FCCE1003B1406 /* PBXTargetDependency */ = {
			isa = PBXTargetDependency;
			target = FBEC2794225FCCE0003B1406 /* Lennach */;
			targetProxy = FBEC27B5225FCCE1003B1406 /* PBXContainerItemProxy */;
		};
/* End PBXTargetDependency section */

/* Begin PBXVariantGroup section */
		FBEC279C225FCCE0003B1406 /* Main.storyboard */ = {
			isa = PBXVariantGroup;
			children = (
				FBEC279D225FCCE0003B1406 /* Base */,
			);
			name = Main.storyboard;
			sourceTree = "<group>";
		};
		FBEC27A1225FCCE1003B1406 /* LaunchScreen.storyboard */ = {
			isa = PBXVariantGroup;
			children = (
				FBEC27A2225FCCE1003B1406 /* Base */,
			);
			name = LaunchScreen.storyboard;
			sourceTree = "<group>";
		};
/* End PBXVariantGroup section */

/* Begin XCBuildConfiguration section */
		FBEC27BB225FCCE1003B1406 /* Debug */ = {
			isa = XCBuildConfiguration;
			buildSettings = {
				ALWAYS_SEARCH_USER_PATHS = NO;
				CLANG_ANALYZER_NONNULL = YES;
				CLANG_ANALYZER_NUMBER_OBJECT_CONVERSION = YES_AGGRESSIVE;
				CLANG_CXX_LANGUAGE_STANDARD = "gnu++14";
				CLANG_CXX_LIBRARY = "libc++";
				CLANG_ENABLE_MODULES = YES;
				CLANG_ENABLE_OBJC_ARC = YES;
				CLANG_ENABLE_OBJC_WEAK = YES;
				CLANG_WARN_BLOCK_CAPTURE_AUTORELEASING = YES;
				CLANG_WARN_BOOL_CONVERSION = YES;
				CLANG_WARN_COMMA = YES;
				CLANG_WARN_CONSTANT_CONVERSION = YES;
				CLANG_WARN_DEPRECATED_OBJC_IMPLEMENTATIONS = YES;
				CLANG_WARN_DIRECT_OBJC_ISA_USAGE = YES_ERROR;
				CLANG_WARN_DOCUMENTATION_COMMENTS = YES;
				CLANG_WARN_EMPTY_BODY = YES;
				CLANG_WARN_ENUM_CONVERSION = YES;
				CLANG_WARN_INFINITE_RECURSION = YES;
				CLANG_WARN_INT_CONVERSION = YES;
				CLANG_WARN_NON_LITERAL_NULL_CONVERSION = YES;
				CLANG_WARN_OBJC_IMPLICIT_RETAIN_SELF = YES;
				CLANG_WARN_OBJC_LITERAL_CONVERSION = YES;
				CLANG_WARN_OBJC_ROOT_CLASS = YES_ERROR;
				CLANG_WARN_RANGE_LOOP_ANALYSIS = YES;
				CLANG_WARN_STRICT_PROTOTYPES = YES;
				CLANG_WARN_SUSPICIOUS_MOVE = YES;
				CLANG_WARN_UNGUARDED_AVAILABILITY = YES_AGGRESSIVE;
				CLANG_WARN_UNREACHABLE_CODE = YES;
				CLANG_WARN__DUPLICATE_METHOD_MATCH = YES;
				CODE_SIGN_IDENTITY = "iPhone Developer";
				COPY_PHASE_STRIP = NO;
				DEBUG_INFORMATION_FORMAT = dwarf;
				ENABLE_STRICT_OBJC_MSGSEND = YES;
				ENABLE_TESTABILITY = YES;
				GCC_C_LANGUAGE_STANDARD = gnu11;
				GCC_DYNAMIC_NO_PIC = NO;
				GCC_NO_COMMON_BLOCKS = YES;
				GCC_OPTIMIZATION_LEVEL = 0;
				GCC_PREPROCESSOR_DEFINITIONS = (
					"DEBUG=1",
					"$(inherited)",
				);
				GCC_WARN_64_TO_32_BIT_CONVERSION = YES;
				GCC_WARN_ABOUT_RETURN_TYPE = YES_ERROR;
				GCC_WARN_UNDECLARED_SELECTOR = YES;
				GCC_WARN_UNINITIALIZED_AUTOS = YES_AGGRESSIVE;
				GCC_WARN_UNUSED_FUNCTION = YES;
				GCC_WARN_UNUSED_VARIABLE = YES;
				IPHONEOS_DEPLOYMENT_TARGET = 12.2;
				MTL_ENABLE_DEBUG_INFO = INCLUDE_SOURCE;
				MTL_FAST_MATH = YES;
				ONLY_ACTIVE_ARCH = YES;
				SDKROOT = iphoneos;
				SWIFT_ACTIVE_COMPILATION_CONDITIONS = DEBUG;
				SWIFT_OPTIMIZATION_LEVEL = "-Onone";
			};
			name = Debug;
		};
		FBEC27BC225FCCE1003B1406 /* Release */ = {
			isa = XCBuildConfiguration;
			buildSettings = {
				ALWAYS_SEARCH_USER_PATHS = NO;
				CLANG_ANALYZER_NONNULL = YES;
				CLANG_ANALYZER_NUMBER_OBJECT_CONVERSION = YES_AGGRESSIVE;
				CLANG_CXX_LANGUAGE_STANDARD = "gnu++14";
				CLANG_CXX_LIBRARY = "libc++";
				CLANG_ENABLE_MODULES = YES;
				CLANG_ENABLE_OBJC_ARC = YES;
				CLANG_ENABLE_OBJC_WEAK = YES;
				CLANG_WARN_BLOCK_CAPTURE_AUTORELEASING = YES;
				CLANG_WARN_BOOL_CONVERSION = YES;
				CLANG_WARN_COMMA = YES;
				CLANG_WARN_CONSTANT_CONVERSION = YES;
				CLANG_WARN_DEPRECATED_OBJC_IMPLEMENTATIONS = YES;
				CLANG_WARN_DIRECT_OBJC_ISA_USAGE = YES_ERROR;
				CLANG_WARN_DOCUMENTATION_COMMENTS = YES;
				CLANG_WARN_EMPTY_BODY = YES;
				CLANG_WARN_ENUM_CONVERSION = YES;
				CLANG_WARN_INFINITE_RECURSION = YES;
				CLANG_WARN_INT_CONVERSION = YES;
				CLANG_WARN_NON_LITERAL_NULL_CONVERSION = YES;
				CLANG_WARN_OBJC_IMPLICIT_RETAIN_SELF = YES;
				CLANG_WARN_OBJC_LITERAL_CONVERSION = YES;
				CLANG_WARN_OBJC_ROOT_CLASS = YES_ERROR;
				CLANG_WARN_RANGE_LOOP_ANALYSIS = YES;
				CLANG_WARN_STRICT_PROTOTYPES = YES;
				CLANG_WARN_SUSPICIOUS_MOVE = YES;
				CLANG_WARN_UNGUARDED_AVAILABILITY = YES_AGGRESSIVE;
				CLANG_WARN_UNREACHABLE_CODE = YES;
				CLANG_WARN__DUPLICATE_METHOD_MATCH = YES;
				CODE_SIGN_IDENTITY = "iPhone Developer";
				COPY_PHASE_STRIP = NO;
				DEBUG_INFORMATION_FORMAT = "dwarf-with-dsym";
				ENABLE_NS_ASSERTIONS = NO;
				ENABLE_STRICT_OBJC_MSGSEND = YES;
				GCC_C_LANGUAGE_STANDARD = gnu11;
				GCC_NO_COMMON_BLOCKS = YES;
				GCC_WARN_64_TO_32_BIT_CONVERSION = YES;
				GCC_WARN_ABOUT_RETURN_TYPE = YES_ERROR;
				GCC_WARN_UNDECLARED_SELECTOR = YES;
				GCC_WARN_UNINITIALIZED_AUTOS = YES_AGGRESSIVE;
				GCC_WARN_UNUSED_FUNCTION = YES;
				GCC_WARN_UNUSED_VARIABLE = YES;
				IPHONEOS_DEPLOYMENT_TARGET = 12.2;
				MTL_ENABLE_DEBUG_INFO = NO;
				MTL_FAST_MATH = YES;
				SDKROOT = iphoneos;
				SWIFT_COMPILATION_MODE = wholemodule;
				SWIFT_OPTIMIZATION_LEVEL = "-O";
				VALIDATE_PRODUCT = YES;
			};
			name = Release;
		};
		FBEC27BE225FCCE1003B1406 /* Debug */ = {
			isa = XCBuildConfiguration;
			baseConfigurationReference = E039421C61EC5DBDC6215DC4 /* Pods-Lennach.debug.xcconfig */;
			buildSettings = {
				ASSETCATALOG_COMPILER_APPICON_NAME = AppIcon;
				CLANG_ENABLE_MODULES = YES;
				CODE_SIGN_STYLE = Automatic;
				INFOPLIST_FILE = Lennach/Info.plist;
				LD_RUNPATH_SEARCH_PATHS = (
					"$(inherited)",
					"@executable_path/Frameworks",
				);
				PRODUCT_BUNDLE_IDENTIFIER = com.caramelheaven.Lennach;
				PRODUCT_NAME = "$(TARGET_NAME)";
				SWIFT_OBJC_BRIDGING_HEADER = "Lennach/App/Presentation/VideoPlayer/Lennach-Bridging-Header.h";
				SWIFT_OPTIMIZATION_LEVEL = "-Onone";
				SWIFT_VERSION = 5.0;
				TARGETED_DEVICE_FAMILY = "1,2";
			};
			name = Debug;
		};
		FBEC27BF225FCCE1003B1406 /* Release */ = {
			isa = XCBuildConfiguration;
			baseConfigurationReference = E113C91ADAFE958BE5E90373 /* Pods-Lennach.release.xcconfig */;
			buildSettings = {
				ASSETCATALOG_COMPILER_APPICON_NAME = AppIcon;
				CLANG_ENABLE_MODULES = YES;
				CODE_SIGN_STYLE = Automatic;
				INFOPLIST_FILE = Lennach/Info.plist;
				LD_RUNPATH_SEARCH_PATHS = (
					"$(inherited)",
					"@executable_path/Frameworks",
				);
				PRODUCT_BUNDLE_IDENTIFIER = com.caramelheaven.Lennach;
				PRODUCT_NAME = "$(TARGET_NAME)";
				SWIFT_OBJC_BRIDGING_HEADER = "Lennach/App/Presentation/VideoPlayer/Lennach-Bridging-Header.h";
				SWIFT_VERSION = 5.0;
				TARGETED_DEVICE_FAMILY = "1,2";
			};
			name = Release;
		};
		FBEC27C1225FCCE1003B1406 /* Debug */ = {
			isa = XCBuildConfiguration;
			baseConfigurationReference = 053CEF430B29E06B9B802025 /* Pods-LennachTests.debug.xcconfig */;
			buildSettings = {
				ALWAYS_EMBED_SWIFT_STANDARD_LIBRARIES = YES;
				BUNDLE_LOADER = "$(TEST_HOST)";
				CODE_SIGN_STYLE = Automatic;
				INFOPLIST_FILE = LennachTests/Info.plist;
				LD_RUNPATH_SEARCH_PATHS = (
					"$(inherited)",
					"@executable_path/Frameworks",
					"@loader_path/Frameworks",
				);
				PRODUCT_BUNDLE_IDENTIFIER = com.caramelheaven.LennachTests;
				PRODUCT_NAME = "$(TARGET_NAME)";
				SWIFT_VERSION = 5.0;
				TARGETED_DEVICE_FAMILY = "1,2";
				TEST_HOST = "$(BUILT_PRODUCTS_DIR)/Lennach.app/Lennach";
			};
			name = Debug;
		};
		FBEC27C2225FCCE1003B1406 /* Release */ = {
			isa = XCBuildConfiguration;
			baseConfigurationReference = CA7672EC8D896991A4482D93 /* Pods-LennachTests.release.xcconfig */;
			buildSettings = {
				ALWAYS_EMBED_SWIFT_STANDARD_LIBRARIES = YES;
				BUNDLE_LOADER = "$(TEST_HOST)";
				CODE_SIGN_STYLE = Automatic;
				INFOPLIST_FILE = LennachTests/Info.plist;
				LD_RUNPATH_SEARCH_PATHS = (
					"$(inherited)",
					"@executable_path/Frameworks",
					"@loader_path/Frameworks",
				);
				PRODUCT_BUNDLE_IDENTIFIER = com.caramelheaven.LennachTests;
				PRODUCT_NAME = "$(TARGET_NAME)";
				SWIFT_VERSION = 5.0;
				TARGETED_DEVICE_FAMILY = "1,2";
				TEST_HOST = "$(BUILT_PRODUCTS_DIR)/Lennach.app/Lennach";
			};
			name = Release;
		};
		FBEC27C4225FCCE1003B1406 /* Debug */ = {
			isa = XCBuildConfiguration;
			baseConfigurationReference = 5129FCF5618136AD6F67FE30 /* Pods-LennachUITests.debug.xcconfig */;
			buildSettings = {
				ALWAYS_EMBED_SWIFT_STANDARD_LIBRARIES = YES;
				CODE_SIGN_STYLE = Automatic;
				INFOPLIST_FILE = LennachUITests/Info.plist;
				LD_RUNPATH_SEARCH_PATHS = (
					"$(inherited)",
					"@executable_path/Frameworks",
					"@loader_path/Frameworks",
				);
				PRODUCT_BUNDLE_IDENTIFIER = com.caramelheaven.LennachUITests;
				PRODUCT_NAME = "$(TARGET_NAME)";
				SWIFT_VERSION = 5.0;
				TARGETED_DEVICE_FAMILY = "1,2";
				TEST_TARGET_NAME = Lennach;
			};
			name = Debug;
		};
		FBEC27C5225FCCE1003B1406 /* Release */ = {
			isa = XCBuildConfiguration;
			baseConfigurationReference = D85FCA8A34C0DC5626ED78F9 /* Pods-LennachUITests.release.xcconfig */;
			buildSettings = {
				ALWAYS_EMBED_SWIFT_STANDARD_LIBRARIES = YES;
				CODE_SIGN_STYLE = Automatic;
				INFOPLIST_FILE = LennachUITests/Info.plist;
				LD_RUNPATH_SEARCH_PATHS = (
					"$(inherited)",
					"@executable_path/Frameworks",
					"@loader_path/Frameworks",
				);
				PRODUCT_BUNDLE_IDENTIFIER = com.caramelheaven.LennachUITests;
				PRODUCT_NAME = "$(TARGET_NAME)";
				SWIFT_VERSION = 5.0;
				TARGETED_DEVICE_FAMILY = "1,2";
				TEST_TARGET_NAME = Lennach;
			};
			name = Release;
		};
/* End XCBuildConfiguration section */

/* Begin XCConfigurationList section */
		FBEC2790225FCCE0003B1406 /* Build configuration list for PBXProject "Lennach" */ = {
			isa = XCConfigurationList;
			buildConfigurations = (
				FBEC27BB225FCCE1003B1406 /* Debug */,
				FBEC27BC225FCCE1003B1406 /* Release */,
			);
			defaultConfigurationIsVisible = 0;
			defaultConfigurationName = Release;
		};
		FBEC27BD225FCCE1003B1406 /* Build configuration list for PBXNativeTarget "Lennach" */ = {
			isa = XCConfigurationList;
			buildConfigurations = (
				FBEC27BE225FCCE1003B1406 /* Debug */,
				FBEC27BF225FCCE1003B1406 /* Release */,
			);
			defaultConfigurationIsVisible = 0;
			defaultConfigurationName = Release;
		};
		FBEC27C0225FCCE1003B1406 /* Build configuration list for PBXNativeTarget "LennachTests" */ = {
			isa = XCConfigurationList;
			buildConfigurations = (
				FBEC27C1225FCCE1003B1406 /* Debug */,
				FBEC27C2225FCCE1003B1406 /* Release */,
			);
			defaultConfigurationIsVisible = 0;
			defaultConfigurationName = Release;
		};
		FBEC27C3225FCCE1003B1406 /* Build configuration list for PBXNativeTarget "LennachUITests" */ = {
			isa = XCConfigurationList;
			buildConfigurations = (
				FBEC27C4225FCCE1003B1406 /* Debug */,
				FBEC27C5225FCCE1003B1406 /* Release */,
			);
			defaultConfigurationIsVisible = 0;
			defaultConfigurationName = Release;
		};
/* End XCConfigurationList section */

/* Begin XCVersionGroup section */
		FB387589227C77BD00F90813 /* App.xcdatamodeld */ = {
			isa = XCVersionGroup;
			children = (
				FB38758A227C77BD00F90813 /* App.xcdatamodel */,
			);
			currentVersion = FB38758A227C77BD00F90813 /* App.xcdatamodel */;
			path = App.xcdatamodeld;
			sourceTree = "<group>";
			versionGroupType = wrapper.xcdatamodel;
		};
/* End XCVersionGroup section */
	};
	rootObject = FBEC278D225FCCE0003B1406 /* Project object */;
}
